Microsoft Visual Studio Solution File, Format Version 11.00
# Visual Studio 2008

Project("{577D7068-826D-E925-EA2A-EC01DBADF5E4}") = "Client", "Assembly-CSharp-firstpass.csproj", "{079D398E-4AFC-CD7E-7881-F923D075EBD1}"
EndProject
Project("{577D7068-826D-E925-EA2A-EC01DBADF5E4}") = "Client", "Assembly-CSharp.csproj", "{12F44184-A422-5F27-22E6-507969043F15}"
EndProject
Project("{577D7068-826D-E925-EA2A-EC01DBADF5E4}") = "Client", "Assembly-CSharp-Editor.csproj", "{5544F79C-5306-909F-C855-53D6959D5DFD}"
EndProject
Project("{577D7068-826D-E925-EA2A-EC01DBADF5E4}") = "Client", "Assembly-UnityScript-firstpass.unityproj", "{2EC28D3F-3EB5-2E04-71C8-D5D65021002A}"
EndProject
Project("{577D7068-826D-E925-EA2A-EC01DBADF5E4}") = "Client", "Assembly-UnityScript.unityproj", "{6F6431C8-D3A8-6F64-A382-5D8EFB5443F7}"
EndProject
Project("{577D7068-826D-E925-EA2A-EC01DBADF5E4}") = "Client", "Assembly-UnityScript-Editor.unityproj", "{5043C59B-5BCF-9A6F-03B1-757D71E5E225}"
EndProject
Global
	GlobalSection(SolutionConfigurationPlatforms) = preSolution
		Debug|Any CPU = Debug|Any CPU
		Release|Any CPU = Release|Any CPU
	EndGlobalSection
	GlobalSection(ProjectConfigurationPlatforms) = postSolution
		{079D398E-4AFC-CD7E-7881-F923D075EBD1}.Debug|Any CPU.ActiveCfg = Debug|Any CPU
		{079D398E-4AFC-CD7E-7881-F923D075EBD1}.Debug|Any CPU.Build.0 = Debug|Any CPU
		{079D398E-4AFC-CD7E-7881-F923D075EBD1}.Release|Any CPU.ActiveCfg = Release|Any CPU
		{079D398E-4AFC-CD7E-7881-F923D075EBD1}.Release|Any CPU.Build.0 = Release|Any CPU
		{12F44184-A422-5F27-22E6-507969043F15}.Debug|Any CPU.ActiveCfg = Debug|Any CPU
		{12F44184-A422-5F27-22E6-507969043F15}.Debug|Any CPU.Build.0 = Debug|Any CPU
		{12F44184-A422-5F27-22E6-507969043F15}.Release|Any CPU.ActiveCfg = Release|Any CPU
		{12F44184-A422-5F27-22E6-507969043F15}.Release|Any CPU.Build.0 = Release|Any CPU
		{5544F79C-5306-909F-C855-53D6959D5DFD}.Debug|Any CPU.ActiveCfg = Debug|Any CPU
		{5544F79C-5306-909F-C855-53D6959D5DFD}.Debug|Any CPU.Build.0 = Debug|Any CPU
		{5544F79C-5306-909F-C855-53D6959D5DFD}.Release|Any CPU.ActiveCfg = Release|Any CPU
		{5544F79C-5306-909F-C855-53D6959D5DFD}.Release|Any CPU.Build.0 = Release|Any CPU
		{2EC28D3F-3EB5-2E04-71C8-D5D65021002A}.Debug|Any CPU.ActiveCfg = Debug|Any CPU
		{2EC28D3F-3EB5-2E04-71C8-D5D65021002A}.Debug|Any CPU.Build.0 = Debug|Any CPU
		{2EC28D3F-3EB5-2E04-71C8-D5D65021002A}.Release|Any CPU.ActiveCfg = Release|Any CPU
		{2EC28D3F-3EB5-2E04-71C8-D5D65021002A}.Release|Any CPU.Build.0 = Release|Any CPU
		{6F6431C8-D3A8-6F64-A382-5D8EFB5443F7}.Debug|Any CPU.ActiveCfg = Debug|Any CPU
		{6F6431C8-D3A8-6F64-A382-5D8EFB5443F7}.Debug|Any CPU.Build.0 = Debug|Any CPU
		{6F6431C8-D3A8-6F64-A382-5D8EFB5443F7}.Release|Any CPU.ActiveCfg = Release|Any CPU
		{6F6431C8-D3A8-6F64-A382-5D8EFB5443F7}.Release|Any CPU.Build.0 = Release|Any CPU
		{5043C59B-5BCF-9A6F-03B1-757D71E5E225}.Debug|Any CPU.ActiveCfg = Debug|Any CPU
		{5043C59B-5BCF-9A6F-03B1-757D71E5E225}.Debug|Any CPU.Build.0 = Debug|Any CPU
		{5043C59B-5BCF-9A6F-03B1-757D71E5E225}.Release|Any CPU.ActiveCfg = Release|Any CPU
		{5043C59B-5BCF-9A6F-03B1-757D71E5E225}.Release|Any CPU.Build.0 = Release|Any CPU
	EndGlobalSection
	GlobalSection(SolutionProperties) = preSolution
		HideSolutionNode = FALSE
	EndGlobalSection
																	GlobalSection(MonoDevelopProperties) = preSolution
		StartupItem = Assembly-CSharp.csproj
		Policies = $0
		$0.TextStylePolicy = $1
		$1.inheritsSet = null
		$1.scope = text/x-csharp
		$0.CSharpFormattingPolicy = $2
		$2.inheritsSet = Mono
		$2.inheritsScope = text/x-csharp
		$2.scope = text/x-csharp
		$0.TextStylePolicy = $3
		$3.FileWidth = 120
		$3.TabWidth = 4
		$3.EolMarker = Unix
		$3.inheritsSet = Mono
		$3.inheritsScope = text/plain
		$3.scope = text/plain
	EndGlobalSection

EndGlobal
