<?xml version="1.0" encoding="utf-8"?>
<Project ToolsVersion="15.0" xmlns="http://schemas.microsoft.com/developer/msbuild/2003">
  <ItemGroup>
    <ClCompile Include="$(SolutionDir)ThirdFunc\LuaPlus\LuaObject.cpp" />
    <ClCompile Include="$(SolutionDir)ThirdFunc\LuaPlus\LuaPlus.cpp" />
    <ClCompile Include="$(SolutionDir)ThirdFunc\LuaPlus\LuaPlusAddons.c" />
    <ClCompile Include="$(SolutionDir)ThirdFunc\LuaPlus\LuaPlus_Libs.cpp" />
    <ClCompile Include="$(SolutionDir)ThirdFunc\LuaPlus\LuaState.cpp" />
    <ClCompile Include="$(SolutionDir)ThirdFunc\LuaPlus\LuaStateOutFile.cpp" />
    <ClCompile Include="$(SolutionDir)ThirdFunc\LuaPlus\LuaState_DumpObject.cpp" />
    <ClCompile Include="$(SolutionDir)ThirdFunc\LuaPlus\LuaTableIterator.cpp" />
    <ClCompile Include="$(SolutionDir)ThirdFunc\LuaPlus\lwstrlib.c" />
    <ClCompile Include="$(SolutionDir)ThirdFunc\LuaPlus\popen.c" />
    <ClCompile Include="$(SolutionDir)ThirdFunc\LuaPlus\src\lapi.c" />
    <ClCompile Include="$(SolutionDir)ThirdFunc\LuaPlus\src\lauxlib.c" />
    <ClCompile Include="$(SolutionDir)ThirdFunc\LuaPlus\src\lbaselib.c" />
    <ClCompile Include="$(SolutionDir)ThirdFunc\LuaPlus\src\lcode.c" />
    <ClCompile Include="$(SolutionDir)ThirdFunc\LuaPlus\src\ldblib.c" />
    <ClCompile Include="$(SolutionDir)ThirdFunc\LuaPlus\src\ldebug.c" />
    <ClCompile Include="$(SolutionDir)ThirdFunc\LuaPlus\src\ldo.c" />
    <ClCompile Include="$(SolutionDir)ThirdFunc\LuaPlus\src\ldump.c" />
    <ClCompile Include="$(SolutionDir)ThirdFunc\LuaPlus\src\lfunc.c" />
    <ClCompile Include="$(SolutionDir)ThirdFunc\LuaPlus\src\lgc.c" />
    <ClCompile Include="$(SolutionDir)ThirdFunc\LuaPlus\src\linit.c" />
    <ClCompile Include="$(SolutionDir)ThirdFunc\LuaPlus\src\liolib.c" />
    <ClCompile Include="$(SolutionDir)ThirdFunc\LuaPlus\src\llex.c" />
    <ClCompile Include="$(SolutionDir)ThirdFunc\LuaPlus\src\lmathlib.c" />
    <ClCompile Include="$(SolutionDir)ThirdFunc\LuaPlus\src\lmem.c" />
    <ClCompile Include="$(SolutionDir)ThirdFunc\LuaPlus\src\loadlib.c" />
    <ClCompile Include="$(SolutionDir)ThirdFunc\LuaPlus\src\lobject.c" />
    <ClCompile Include="$(SolutionDir)ThirdFunc\LuaPlus\src\lopcodes.c" />
    <ClCompile Include="$(SolutionDir)ThirdFunc\LuaPlus\src\loslib.c" />
    <ClCompile Include="$(SolutionDir)ThirdFunc\LuaPlus\src\lparser.c" />
    <ClCompile Include="$(SolutionDir)ThirdFunc\LuaPlus\src\lstate.c" />
    <ClCompile Include="$(SolutionDir)ThirdFunc\LuaPlus\src\lstring.c" />
    <ClCompile Include="$(SolutionDir)ThirdFunc\LuaPlus\src\lstrlib.c" />
    <ClCompile Include="$(SolutionDir)ThirdFunc\LuaPlus\src\ltable.c" />
    <ClCompile Include="$(SolutionDir)ThirdFunc\LuaPlus\src\ltablib.c" />
    <ClCompile Include="$(SolutionDir)ThirdFunc\LuaPlus\src\ltm.c" />
    <ClCompile Include="$(SolutionDir)ThirdFunc\LuaPlus\src\lua.c" />
    <ClCompile Include="$(SolutionDir)ThirdFunc\LuaPlus\src\lundump.c" />
    <ClCompile Include="$(SolutionDir)ThirdFunc\LuaPlus\src\lvm.c" />
    <ClCompile Include="$(SolutionDir)ThirdFunc\LuaPlus\src\lzio.c" />
    <ClCompile Include="$(SolutionDir)ThirdFunc\LuaPlus\src\print.c" />
  </ItemGroup>
  <ItemGroup>
    <CustomBuild Include="$(SolutionDir)ThirdFunc\LuaPlus\CMakeLists.txt" />
  </ItemGroup>
  <ItemGroup>
    <Filter Include="Source Files">
      <UniqueIdentifier>{0C28CC19-FE2A-382F-BE09-F7AC3240BB2C}</UniqueIdentifier>
    </Filter>
  </ItemGroup>
</Project>