<?xml version="1.0" encoding="UTF-8"?>
<Project ToolsVersion="15.0" xmlns="http://schemas.microsoft.com/developer/msbuild/2003">
  <ItemGroup>
    <ClCompile Include=".\LuaObject.cpp">
      <Filter>Source Files</Filter>
    </ClCompile>
    <ClCompile Include=".\LuaPlus.cpp">
      <Filter>Source Files</Filter>
    </ClCompile>
    <ClCompile Include=".\LuaPlusAddons.c">
      <Filter>Source Files</Filter>
    </ClCompile>
    <ClCompile Include=".\LuaPlus_Libs.cpp">
      <Filter>Source Files</Filter>
    </ClCompile>
    <ClCompile Include=".\LuaState.cpp">
      <Filter>Source Files</Filter>
    </ClCompile>
    <ClCompile Include=".\LuaStateOutFile.cpp">
      <Filter>Source Files</Filter>
    </ClCompile>
    <ClCompile Include=".\LuaState_DumpObject.cpp">
      <Filter>Source Files</Filter>
    </ClCompile>
    <ClCompile Include=".\LuaTableIterator.cpp">
      <Filter>Source Files</Filter>
    </ClCompile>
    <ClCompile Include=".\lwstrlib.c">
      <Filter>Source Files</Filter>
    </ClCompile>
    <ClCompile Include=".\popen.c">
      <Filter>Source Files</Filter>
    </ClCompile>
    <ClCompile Include=".\src\lapi.c">
      <Filter>Source Files</Filter>
    </ClCompile>
    <ClCompile Include=".\src\lauxlib.c">
      <Filter>Source Files</Filter>
    </ClCompile>
    <ClCompile Include=".\src\lbaselib.c">
      <Filter>Source Files</Filter>
    </ClCompile>
    <ClCompile Include=".\src\lcode.c">
      <Filter>Source Files</Filter>
    </ClCompile>
    <ClCompile Include=".\src\ldblib.c">
      <Filter>Source Files</Filter>
    </ClCompile>
    <ClCompile Include=".\src\ldebug.c">
      <Filter>Source Files</Filter>
    </ClCompile>
    <ClCompile Include=".\src\ldo.c">
      <Filter>Source Files</Filter>
    </ClCompile>
    <ClCompile Include=".\src\ldump.c">
      <Filter>Source Files</Filter>
    </ClCompile>
    <ClCompile Include=".\src\lfunc.c">
      <Filter>Source Files</Filter>
    </ClCompile>
    <ClCompile Include=".\src\lgc.c">
      <Filter>Source Files</Filter>
    </ClCompile>
    <ClCompile Include=".\src\linit.c">
      <Filter>Source Files</Filter>
    </ClCompile>
    <ClCompile Include=".\src\liolib.c">
      <Filter>Source Files</Filter>
    </ClCompile>
    <ClCompile Include=".\src\llex.c">
      <Filter>Source Files</Filter>
    </ClCompile>
    <ClCompile Include=".\src\lmathlib.c">
      <Filter>Source Files</Filter>
    </ClCompile>
    <ClCompile Include=".\src\lmem.c">
      <Filter>Source Files</Filter>
    </ClCompile>
    <ClCompile Include=".\src\loadlib.c">
      <Filter>Source Files</Filter>
    </ClCompile>
    <ClCompile Include=".\src\lobject.c">
      <Filter>Source Files</Filter>
    </ClCompile>
    <ClCompile Include=".\src\lopcodes.c">
      <Filter>Source Files</Filter>
    </ClCompile>
    <ClCompile Include=".\src\loslib.c">
      <Filter>Source Files</Filter>
    </ClCompile>
    <ClCompile Include=".\src\lparser.c">
      <Filter>Source Files</Filter>
    </ClCompile>
    <ClCompile Include=".\src\lstate.c">
      <Filter>Source Files</Filter>
    </ClCompile>
    <ClCompile Include=".\src\lstring.c">
      <Filter>Source Files</Filter>
    </ClCompile>
    <ClCompile Include=".\src\lstrlib.c">
      <Filter>Source Files</Filter>
    </ClCompile>
    <ClCompile Include=".\src\ltable.c">
      <Filter>Source Files</Filter>
    </ClCompile>
    <ClCompile Include=".\src\ltablib.c">
      <Filter>Source Files</Filter>
    </ClCompile>
    <ClCompile Include=".\src\ltm.c">
      <Filter>Source Files</Filter>
    </ClCompile>
    <ClCompile Include=".\src\lua.c">
      <Filter>Source Files</Filter>
    </ClCompile>
    <ClCompile Include=".\src\lundump.c">
      <Filter>Source Files</Filter>
    </ClCompile>
    <ClCompile Include=".\src\lvm.c">
      <Filter>Source Files</Filter>
    </ClCompile>
    <ClCompile Include=".\src\lzio.c">
      <Filter>Source Files</Filter>
    </ClCompile>
    <ClCompile Include=".\src\print.c">
      <Filter>Source Files</Filter>
    </ClCompile>
  </ItemGroup>
  <ItemGroup>
    <CustomBuild Include=".\CMakeLists.txt" />
  </ItemGroup>
  <ItemGroup>
    <Filter Include="Source Files">
      <UniqueIdentifier>{0C28CC19-FE2A-382F-BE09-F7AC3240BB2C}</UniqueIdentifier>
    </Filter>
  </ItemGroup>
</Project>
