<?xml version="1.0" encoding="utf-8"?>
<Project ToolsVersion="4.0" xmlns="http://schemas.microsoft.com/developer/msbuild/2003">
  <ItemGroup>
    <Filter Include="源文件">
      <UniqueIdentifier>{4FC737F1-C7A5-4376-A066-2A32D752A2FF}</UniqueIdentifier>
      <Extensions>cpp;c;cc;cxx;def;odl;idl;hpj;bat;asm;asmx</Extensions>
    </Filter>
    <Filter Include="头文件">
      <UniqueIdentifier>{93995380-89BD-4b04-88EB-625FBE52EBFB}</UniqueIdentifier>
      <Extensions>h;hpp;hxx;hm;inl;inc;xsd</Extensions>
    </Filter>
    <Filter Include="Net">
      <UniqueIdentifier>{90c9715e-2d7a-45db-9293-5f73329e5e84}</UniqueIdentifier>
    </Filter>
    <Filter Include="shared">
      <UniqueIdentifier>{2d605411-cb16-4f96-9242-bfd35c64603b}</UniqueIdentifier>
    </Filter>
    <Filter Include="ProtobufMsg">
      <UniqueIdentifier>{f66721f8-a90b-499e-997a-ce12f1e2c78a}</UniqueIdentifier>
    </Filter>
    <Filter Include="DB">
      <UniqueIdentifier>{de1ae800-4a96-42de-a49b-e73f9acd9f36}</UniqueIdentifier>
    </Filter>
  </ItemGroup>
  <ItemGroup>
    <ClInclude Include="stdafx.h">
      <Filter>头文件</Filter>
    </ClInclude>
    <ClInclude Include="targetver.h">
      <Filter>头文件</Filter>
    </ClInclude>
    <ClInclude Include="Net\ClientSession.h">
      <Filter>Net</Filter>
    </ClInclude>
    <ClInclude Include="Net\LogNetSessionMgr.h">
      <Filter>Net</Filter>
    </ClInclude>
    <ClInclude Include="..\..\Share\Net\ICliSession.h">
      <Filter>shared</Filter>
    </ClInclude>
    <ClInclude Include="..\..\Share\Net\IMsgHandle.h">
      <Filter>shared</Filter>
    </ClInclude>
    <ClInclude Include="..\..\Share\Net\INetSession.h">
      <Filter>shared</Filter>
    </ClInclude>
    <ClInclude Include="..\..\Share\Net\INetSessionMgr.h">
      <Filter>shared</Filter>
    </ClInclude>
    <ClInclude Include="..\..\Share\Net\ISrvCliSession.h">
      <Filter>shared</Filter>
    </ClInclude>
    <ClInclude Include="..\..\CommonCPlus\ELogging.h">
      <Filter>头文件</Filter>
    </ClInclude>
    <ClInclude Include="..\..\ELogging\ELoggingHeader.h">
      <Filter>头文件</Filter>
    </ClInclude>
    <ClInclude Include="..\..\ThirdFunc\MsgLists\ToLog.pb.h">
      <Filter>ProtobufMsg</Filter>
    </ClInclude>
    <ClInclude Include="LogHandler.h">
      <Filter>头文件</Filter>
    </ClInclude>
    <ClInclude Include="..\..\CommonCPlus\CSDataSource.h">
      <Filter>DB</Filter>
    </ClInclude>
    <ClInclude Include="..\..\CommonCPlus\DBActiveWrapper.h">
      <Filter>DB</Filter>
    </ClInclude>
    <ClInclude Include="..\..\ELogging\ELogging\SSActive.h">
      <Filter>DB</Filter>
    </ClInclude>
    <ClInclude Include="..\..\ELogging\ELogging\stdafx.h">
      <Filter>DB</Filter>
    </ClInclude>
    <ClInclude Include="..\..\ELogging\ELogging\Timer.h">
      <Filter>DB</Filter>
    </ClInclude>
    <ClInclude Include="..\..\CommonCPlus\DBMgr.h">
      <Filter>DB</Filter>
    </ClInclude>
    <ClInclude Include="..\..\ThirdFunc\MsgLists\ParseProto.h">
      <Filter>ProtobufMsg</Filter>
    </ClInclude>
  </ItemGroup>
  <ItemGroup>
    <ClCompile Include="stdafx.cpp">
      <Filter>源文件</Filter>
    </ClCompile>
    <ClCompile Include="LogServer.cpp">
      <Filter>源文件</Filter>
    </ClCompile>
    <ClCompile Include="Net\ClientSession.cpp">
      <Filter>Net</Filter>
    </ClCompile>
    <ClCompile Include="Net\LogNetSessionMgr.cpp">
      <Filter>Net</Filter>
    </ClCompile>
    <ClCompile Include="..\..\Share\Net\ICliSession.cpp">
      <Filter>shared</Filter>
    </ClCompile>
    <ClCompile Include="..\..\Share\Net\IMsgHandle.cpp">
      <Filter>shared</Filter>
    </ClCompile>
    <ClCompile Include="..\..\Share\Net\INetSession.cpp">
      <Filter>shared</Filter>
    </ClCompile>
    <ClCompile Include="..\..\Share\Net\INetSessionMgr.cpp">
      <Filter>shared</Filter>
    </ClCompile>
    <ClCompile Include="..\..\Share\Net\ISrvCliSession.cpp">
      <Filter>shared</Filter>
    </ClCompile>
    <ClCompile Include="..\..\ThirdFunc\MsgLists\ToLog.pb.cc">
      <Filter>ProtobufMsg</Filter>
    </ClCompile>
    <ClCompile Include="LogHandler.cpp">
      <Filter>源文件</Filter>
    </ClCompile>
    <ClCompile Include="..\..\CommonCPlus\CSDataSource.cpp">
      <Filter>DB</Filter>
    </ClCompile>
    <ClCompile Include="..\..\CommonCPlus\DBActiveWrapper.cpp">
      <Filter>DB</Filter>
    </ClCompile>
    <ClCompile Include="..\..\ELogging\ELogging\Timer.cpp">
      <Filter>DB</Filter>
    </ClCompile>
    <ClCompile Include="..\..\ELogging\ELogging\SSActive.cpp">
      <Filter>DB</Filter>
    </ClCompile>
    <ClCompile Include="..\..\CommonCPlus\DBMgr.cpp">
      <Filter>DB</Filter>
    </ClCompile>
    <ClCompile Include="..\..\ThirdFunc\MsgLists\ParseProto.cpp">
      <Filter>ProtobufMsg</Filter>
    </ClCompile>
  </ItemGroup>
</Project>